{
  "meteor": {},
  "dependencies": {
    "basePackages": {
      "spin": {},
      "z-mongo-admin": {}
    },
    "packages": {
      "spin": {
        "git": "https://github.com/SachaG/meteor-spin.git",
        "tag": "v0.2.0",
        "commit": "fd3a2871a69442848b4b4e74f5e1ae28fa4a95a4"
      },
      "z-mongo-admin": {
        "git": "https://github.com/gterrono/meteor-admin-ui.git",
        "tag": "v0.1.1",
        "commit": "e43f000cbbab16ed4f67f95e5ca8b100235c07e7"
      },
      "router": {
        "git": "https://github.com/tmeasday/meteor-router.git",
        "tag": "v0.5.3",
        "commit": "7bd3a1bdd1099625bb8b49406d9b8f961d6f4a17"
      },
      "page-js-ie-support": {
        "git": "https://github.com/tmeasday/meteor-page-js-ie-support.git",
        "tag": "v1.3.5",
        "commit": "b99ed8380aefd10b2afc8f18d9eed4dd0d8ea9cb"
      }
    }
  }
}
